
Microsoft Visual Studio Solution File, Format Version 12.00
# Visual Studio Version 16
VisualStudioVersion = 16.0.31613.86
MinimumVisualStudioVersion = 10.0.40219.1
Project("{2150E333-8FDC-42A3-9474-1A3956D46DE8}") = "Documents", "Documents", "{04027B49-4D61-4FBB-A538-04D62E0EEB48}"
EndProject
Project("{2150E333-8FDC-42A3-9474-1A3956D46DE8}") = "Sources", "Sources", "{CC3950D4-1CC1-4381-B80A-325491DAAF48}"
EndProject
Project("{2150E333-8FDC-42A3-9474-1A3956D46DE8}") = "Tests", "Tests", "{C1076E12-B4CD-4749-ADEF-75A51E14A7BC}"
EndProject
Project("{2150E333-8FDC-42A3-9474-1A3956D46DE8}") = "Application", "Application", "{8B932650-0877-48AA-BCB3-80D5495FC58E}"
EndProject
Project("{2150E333-8FDC-42A3-9474-1A3956D46DE8}") = "Domain", "Domain", "{6E471007-6643-45D8-80F2-5F9A11E3E457}"
EndProject
Project("{9A19103F-16F7-4668-BE54-9A1E7A4F7556}") = "BeautyLand.Application", "BeautyLand.Application\BeautyLand.Application.csproj", "{07568907-F666-4F49-B5D3-ED58F4B9D10B}"
EndProject
Project("{9A19103F-16F7-4668-BE54-9A1E7A4F7556}") = "BeautyLand.Domain", "BeautyLand.Domain\BeautyLand.Domain.csproj", "{EC4E7DBF-DA68-49AF-83D7-3655063B609C}"
EndProject
Project("{2150E333-8FDC-42A3-9474-1A3956D46DE8}") = "Infrastructure", "Infrastructure", "{2DEC67AE-DC54-4BFF-9198-7058EE729EA2}"
EndProject
Project("{2150E333-8FDC-42A3-9474-1A3956D46DE8}") = "Persistence", "Persistence", "{7ACF6C90-BC37-4417-9BBA-367F09EB9C39}"
EndProject
Project("{2150E333-8FDC-42A3-9474-1A3956D46DE8}") = "Presentation", "Presentation", "{438297A9-F62C-4052-98FA-7787BE1116C6}"
EndProject
Project("{9A19103F-16F7-4668-BE54-9A1E7A4F7556}") = "BeautyLand.Infrastructure", "BeautyLand.Infrastructure\BeautyLand.Infrastructure.csproj", "{7E222B14-630A-4AC9-A4C8-83E3AFAEE997}"
EndProject
Project("{9A19103F-16F7-4668-BE54-9A1E7A4F7556}") = "BeautyLand.Persistence", "BeautyLand.Persistence\BeautyLand.Persistence.csproj", "{6C3D54B1-93C7-4745-88CF-FBEC9E99A823}"
EndProject
Project("{9A19103F-16F7-4668-BE54-9A1E7A4F7556}") = "BeautyLand.SiteEndPoint", "BeautyLand.SiteEndPoint\BeautyLand.SiteEndPoint.csproj", "{8C76AAB2-D7CE-4BD0-A03D-1FF8A4BC0E20}"
EndProject
Project("{9A19103F-16F7-4668-BE54-9A1E7A4F7556}") = "BeautyLand.AdministratorEndPoint", "BeautyLand.AdministratorEndPoint\BeautyLand.AdministratorEndPoint.csproj", "{EFD881F5-85ED-416D-B391-A531A5282EA0}"
EndProject
Project("{2150E333-8FDC-42A3-9474-1A3956D46DE8}") = "Subscription", "Subscription", "{B74FED37-7CAE-43DB-8B2D-DCBD143915FB}"
EndProject
Project("{9A19103F-16F7-4668-BE54-9A1E7A4F7556}") = "BeautyLand.Subscription", "BeautyLand.Subscription\BeautyLand.Subscription.csproj", "{4004F5C9-B7CD-43BF-976B-27D6867F36DF}"
EndProject
Project("{9A19103F-16F7-4668-BE54-9A1E7A4F7556}") = "BeautyLand.FileEndPoint", "BeautyLand.FileEndPoint\BeautyLand.FileEndPoint.csproj", "{FF8F52D7-62F9-4242-8B5D-05FF34395EE6}"
EndProject
Global
	GlobalSection(SolutionConfigurationPlatforms) = preSolution
		Debug|Any CPU = Debug|Any CPU
		Release|Any CPU = Release|Any CPU
	EndGlobalSection
	GlobalSection(ProjectConfigurationPlatforms) = postSolution
		{07568907-F666-4F49-B5D3-ED58F4B9D10B}.Debug|Any CPU.ActiveCfg = Debug|Any CPU
		{07568907-F666-4F49-B5D3-ED58F4B9D10B}.Debug|Any CPU.Build.0 = Debug|Any CPU
		{07568907-F666-4F49-B5D3-ED58F4B9D10B}.Release|Any CPU.ActiveCfg = Release|Any CPU
		{07568907-F666-4F49-B5D3-ED58F4B9D10B}.Release|Any CPU.Build.0 = Release|Any CPU
		{EC4E7DBF-DA68-49AF-83D7-3655063B609C}.Debug|Any CPU.ActiveCfg = Debug|Any CPU
		{EC4E7DBF-DA68-49AF-83D7-3655063B609C}.Debug|Any CPU.Build.0 = Debug|Any CPU
		{EC4E7DBF-DA68-49AF-83D7-3655063B609C}.Release|Any CPU.ActiveCfg = Release|Any CPU
		{EC4E7DBF-DA68-49AF-83D7-3655063B609C}.Release|Any CPU.Build.0 = Release|Any CPU
		{7E222B14-630A-4AC9-A4C8-83E3AFAEE997}.Debug|Any CPU.ActiveCfg = Debug|Any CPU
		{7E222B14-630A-4AC9-A4C8-83E3AFAEE997}.Debug|Any CPU.Build.0 = Debug|Any CPU
		{7E222B14-630A-4AC9-A4C8-83E3AFAEE997}.Release|Any CPU.ActiveCfg = Release|Any CPU
		{7E222B14-630A-4AC9-A4C8-83E3AFAEE997}.Release|Any CPU.Build.0 = Release|Any CPU
		{6C3D54B1-93C7-4745-88CF-FBEC9E99A823}.Debug|Any CPU.ActiveCfg = Debug|Any CPU
		{6C3D54B1-93C7-4745-88CF-FBEC9E99A823}.Debug|Any CPU.Build.0 = Debug|Any CPU
		{6C3D54B1-93C7-4745-88CF-FBEC9E99A823}.Release|Any CPU.ActiveCfg = Release|Any CPU
		{6C3D54B1-93C7-4745-88CF-FBEC9E99A823}.Release|Any CPU.Build.0 = Release|Any CPU
		{8C76AAB2-D7CE-4BD0-A03D-1FF8A4BC0E20}.Debug|Any CPU.ActiveCfg = Debug|Any CPU
		{8C76AAB2-D7CE-4BD0-A03D-1FF8A4BC0E20}.Debug|Any CPU.Build.0 = Debug|Any CPU
		{8C76AAB2-D7CE-4BD0-A03D-1FF8A4BC0E20}.Release|Any CPU.ActiveCfg = Release|Any CPU
		{8C76AAB2-D7CE-4BD0-A03D-1FF8A4BC0E20}.Release|Any CPU.Build.0 = Release|Any CPU
		{EFD881F5-85ED-416D-B391-A531A5282EA0}.Debug|Any CPU.ActiveCfg = Debug|Any CPU
		{EFD881F5-85ED-416D-B391-A531A5282EA0}.Debug|Any CPU.Build.0 = Debug|Any CPU
		{EFD881F5-85ED-416D-B391-A531A5282EA0}.Release|Any CPU.ActiveCfg = Release|Any CPU
		{EFD881F5-85ED-416D-B391-A531A5282EA0}.Release|Any CPU.Build.0 = Release|Any CPU
		{4004F5C9-B7CD-43BF-976B-27D6867F36DF}.Debug|Any CPU.ActiveCfg = Debug|Any CPU
		{4004F5C9-B7CD-43BF-976B-27D6867F36DF}.Debug|Any CPU.Build.0 = Debug|Any CPU
		{4004F5C9-B7CD-43BF-976B-27D6867F36DF}.Release|Any CPU.ActiveCfg = Release|Any CPU
		{4004F5C9-B7CD-43BF-976B-27D6867F36DF}.Release|Any CPU.Build.0 = Release|Any CPU
		{FF8F52D7-62F9-4242-8B5D-05FF34395EE6}.Debug|Any CPU.ActiveCfg = Debug|Any CPU
		{FF8F52D7-62F9-4242-8B5D-05FF34395EE6}.Debug|Any CPU.Build.0 = Debug|Any CPU
		{FF8F52D7-62F9-4242-8B5D-05FF34395EE6}.Release|Any CPU.ActiveCfg = Release|Any CPU
		{FF8F52D7-62F9-4242-8B5D-05FF34395EE6}.Release|Any CPU.Build.0 = Release|Any CPU
	EndGlobalSection
	GlobalSection(SolutionProperties) = preSolution
		HideSolutionNode = FALSE
	EndGlobalSection
	GlobalSection(NestedProjects) = preSolution
		{8B932650-0877-48AA-BCB3-80D5495FC58E} = {CC3950D4-1CC1-4381-B80A-325491DAAF48}
		{6E471007-6643-45D8-80F2-5F9A11E3E457} = {CC3950D4-1CC1-4381-B80A-325491DAAF48}
		{07568907-F666-4F49-B5D3-ED58F4B9D10B} = {8B932650-0877-48AA-BCB3-80D5495FC58E}
		{EC4E7DBF-DA68-49AF-83D7-3655063B609C} = {6E471007-6643-45D8-80F2-5F9A11E3E457}
		{2DEC67AE-DC54-4BFF-9198-7058EE729EA2} = {CC3950D4-1CC1-4381-B80A-325491DAAF48}
		{7ACF6C90-BC37-4417-9BBA-367F09EB9C39} = {CC3950D4-1CC1-4381-B80A-325491DAAF48}
		{438297A9-F62C-4052-98FA-7787BE1116C6} = {CC3950D4-1CC1-4381-B80A-325491DAAF48}
		{7E222B14-630A-4AC9-A4C8-83E3AFAEE997} = {2DEC67AE-DC54-4BFF-9198-7058EE729EA2}
		{6C3D54B1-93C7-4745-88CF-FBEC9E99A823} = {7ACF6C90-BC37-4417-9BBA-367F09EB9C39}
		{8C76AAB2-D7CE-4BD0-A03D-1FF8A4BC0E20} = {438297A9-F62C-4052-98FA-7787BE1116C6}
		{EFD881F5-85ED-416D-B391-A531A5282EA0} = {438297A9-F62C-4052-98FA-7787BE1116C6}
		{B74FED37-7CAE-43DB-8B2D-DCBD143915FB} = {CC3950D4-1CC1-4381-B80A-325491DAAF48}
		{4004F5C9-B7CD-43BF-976B-27D6867F36DF} = {B74FED37-7CAE-43DB-8B2D-DCBD143915FB}
		{FF8F52D7-62F9-4242-8B5D-05FF34395EE6} = {438297A9-F62C-4052-98FA-7787BE1116C6}
	EndGlobalSection
	GlobalSection(ExtensibilityGlobals) = postSolution
		SolutionGuid = {97BF2B7B-573F-4A7E-AA27-76F59DCF04D7}
	EndGlobalSection
EndGlobal
